
Microsoft Visual Studio Solution File, Format Version 12.00
# Visual Studio Version 17
VisualStudioVersion = 17.9.34728.123
MinimumVisualStudioVersion = 10.0.40219.1
Project("{FAE04EC0-301F-11D3-BF4B-00C04F79EFBC}") = "ReflectionDIBuilder", "ReflectionDIBuilder\ReflectionDIBuilder.csproj", "{1F4A1CEA-4BC8-464D-A67A-97DFD4569106}"
EndProject
Global
	GlobalSection(SolutionConfigurationPlatforms) = preSolution
		Debug|Any CPU = Debug|Any CPU
		Release|Any CPU = Release|Any CPU
	EndGlobalSection
	GlobalSection(ProjectConfigurationPlatforms) = postSolution
		{1F4A1CEA-4BC8-464D-A67A-97DFD4569106}.Debug|Any CPU.ActiveCfg = Debug|Any CPU
		{1F4A1CEA-4BC8-464D-A67A-97DFD4569106}.Debug|Any CPU.Build.0 = Debug|Any CPU
		{1F4A1CEA-4BC8-464D-A67A-97DFD4569106}.Release|Any CPU.ActiveCfg = Release|Any CPU
		{1F4A1CEA-4BC8-464D-A67A-97DFD4569106}.Release|Any CPU.Build.0 = Release|Any CPU
	EndGlobalSection
	GlobalSection(SolutionProperties) = preSolution
		HideSolutionNode = FALSE
	EndGlobalSection
	GlobalSection(ExtensibilityGlobals) = postSolution
		SolutionGuid = {7582B994-E204-412E-AF52-8A9B0A60ED7A}
	EndGlobalSection
EndGlobal
